
Microsoft Visual Studio Solution File, Format Version 12.00
# Visual Studio 14
VisualStudioVersion = 14.0.25420.1
MinimumVisualStudioVersion = 10.0.40219.1
Project("{F184B08F-C81C-45F6-A57F-5ABD9991F28F}") = "Excercise4_8", "Excercise4_8\Excercise4_8.vbproj", "{823C92D5-1D5A-40AC-9DB4-4C31D025D4BF}"
EndProject
Global
	GlobalSection(SolutionConfigurationPlatforms) = preSolution
		Debug|Any CPU = Debug|Any CPU
		Release|Any CPU = Release|Any CPU
	EndGlobalSection
	GlobalSection(ProjectConfigurationPlatforms) = postSolution
		{823C92D5-1D5A-40AC-9DB4-4C31D025D4BF}.Debug|Any CPU.ActiveCfg = Debug|Any CPU
		{823C92D5-1D5A-40AC-9DB4-4C31D025D4BF}.Debug|Any CPU.Build.0 = Debug|Any CPU
		{823C92D5-1D5A-40AC-9DB4-4C31D025D4BF}.Release|Any CPU.ActiveCfg = Release|Any CPU
		{823C92D5-1D5A-40AC-9DB4-4C31D025D4BF}.Release|Any CPU.Build.0 = Release|Any CPU
	EndGlobalSection
	GlobalSection(SolutionProperties) = preSolution
		HideSolutionNode = FALSE
	EndGlobalSection
EndGlobal
